
Microsoft Visual Studio Solution File, Format Version 12.00
# Visual Studio Version 16
VisualStudioVersion = 16.0.31205.134
MinimumVisualStudioVersion = 10.0.40219.1
Project("{FAE04EC0-301F-11D3-BF4B-00C04F79EFBC}") = "Generics", "Generics\Generics.csproj", "{D54B87FA-6CDD-4069-BE5A-B3890BBD9770}"
EndProject
Global
	GlobalSection(SolutionConfigurationPlatforms) = preSolution
		Debug|Any CPU = Debug|Any CPU
		Release|Any CPU = Release|Any CPU
	EndGlobalSection
	GlobalSection(ProjectConfigurationPlatforms) = postSolution
		{D54B87FA-6CDD-4069-BE5A-B3890BBD9770}.Debug|Any CPU.ActiveCfg = Debug|Any CPU
		{D54B87FA-6CDD-4069-BE5A-B3890BBD9770}.Debug|Any CPU.Build.0 = Debug|Any CPU
		{D54B87FA-6CDD-4069-BE5A-B3890BBD9770}.Release|Any CPU.ActiveCfg = Release|Any CPU
		{D54B87FA-6CDD-4069-BE5A-B3890BBD9770}.Release|Any CPU.Build.0 = Release|Any CPU
	EndGlobalSection
	GlobalSection(SolutionProperties) = preSolution
		HideSolutionNode = FALSE
	EndGlobalSection
	GlobalSection(ExtensibilityGlobals) = postSolution
		SolutionGuid = {09628524-AA6A-4BFD-BAF6-7C7F29B1A6A2}
	EndGlobalSection
EndGlobal
